Microsoft Visual Studio Solution File, Format Version 12.00
# Visual Studio Version 17
VisualStudioVersion = 17.0.31901.0
MinimumVisualStudioVersion = 10.0.40219.1
Project("{9A19103F-16F7-4668-BE54-9A1E7A4F7556}") = "DotNetTutorialGenerator.Core", "src\DotNetTutorialGenerator.Core\DotNetTutorialGenerator.Core.csproj", "{A1B2C3D4-E5F6-7890-ABCD-EF1234567890}"
EndProject
Project("{9A19103F-16F7-4668-BE54-9A1E7A4F7556}") = "DotNetTutorialGenerator.Infrastructure", "src\DotNetTutorialGenerator.Infrastructure\DotNetTutorialGenerator.Infrastructure.csproj", "{37BCA544-C729-448E-AAE1-2A1D9F8E2C5D}"
EndProject
Project("{9A19103F-16F7-4668-BE54-9A1E7A4F7556}") = "DotNetTutorialGenerator.Api", "src\DotNetTutorialGenerator.Api\DotNetTutorialGenerator.Api.csproj", "{52862154-EDC3-41D3-8A99-28F4633E422B}"
EndProject
Project("{9A19103F-16F7-4668-BE54-9A1E7A4F7556}") = "DotNetTutorialGenerator.Console", "src\DotNetTutorialGenerator.Console\DotNetTutorialGenerator.Console.csproj", "{48243769-033C-4B26-B502-9C72ABE7D462}"
EndProject
Project("{9A19103F-16F7-4668-BE54-9A1E7A4F7556}") = "DotNetTutorialGenerator.Core.Tests", "tests\DotNetTutorialGenerator.Core.Tests\DotNetTutorialGenerator.Core.Tests.csproj", "{F8C0CCFD-3CF4-4392-ACAF-7E4C6D62F017}"
EndProject
Project("{9A19103F-16F7-4668-BE54-9A1E7A4F7556}") = "DotNetTutorialGenerator.Infrastructure.Tests", "tests\DotNetTutorialGenerator.Infrastructure.Tests\DotNetTutorialGenerator.Infrastructure.Tests.csproj", "{A59D4DD9-91E2-4F4F-8672-66F9311847A5}"
EndProject
Project("{9A19103F-16F7-4668-BE54-9A1E7A4F7556}") = "DotNetTutorialGenerator.Integration.Tests", "tests\DotNetTutorialGenerator.Integration.Tests\DotNetTutorialGenerator.Integration.Tests.csproj", "{494D8498-B737-4BF1-91EA-72F954E05F2B}"
EndProject
Global
	GlobalSection(SolutionConfigurationPlatforms) = preSolution
		Debug|Any CPU = Debug|Any CPU
		Release|Any CPU = Release|Any CPU
	EndGlobalSection
	GlobalSection(ProjectConfigurationPlatforms) = postSolution
		{A1B2C3D4-E5F6-7890-ABCD-EF1234567890}.Debug|Any CPU.ActiveCfg = Debug|Any CPU
		{A1B2C3D4-E5F6-7890-ABCD-EF1234567890}.Debug|Any CPU.Build.0 = Debug|Any CPU
		{A1B2C3D4-E5F6-7890-ABCD-EF1234567890}.Release|Any CPU.ActiveCfg = Release|Any CPU
		{A1B2C3D4-E5F6-7890-ABCD-EF1234567890}.Release|Any CPU.Build.0 = Release|Any CPU
		{37BCA544-C729-448E-AAE1-2A1D9F8E2C5D}.Debug|Any CPU.ActiveCfg = Debug|Any CPU
		{37BCA544-C729-448E-AAE1-2A1D9F8E2C5D}.Debug|Any CPU.Build.0 = Debug|Any CPU
		{37BCA544-C729-448E-AAE1-2A1D9F8E2C5D}.Release|Any CPU.ActiveCfg = Release|Any CPU
		{37BCA544-C729-448E-AAE1-2A1D9F8E2C5D}.Release|Any CPU.Build.0 = Release|Any CPU
		{52862154-EDC3-41D3-8A99-28F4633E422B}.Debug|Any CPU.ActiveCfg = Debug|Any CPU
		{52862154-EDC3-41D3-8A99-28F4633E422B}.Debug|Any CPU.Build.0 = Debug|Any CPU
		{52862154-EDC3-41D3-8A99-28F4633E422B}.Release|Any CPU.ActiveCfg = Release|Any CPU
		{52862154-EDC3-41D3-8A99-28F4633E422B}.Release|Any CPU.Build.0 = Release|Any CPU
		{48243769-033C-4B26-B502-9C72ABE7D462}.Debug|Any CPU.ActiveCfg = Debug|Any CPU
		{48243769-033C-4B26-B502-9C72ABE7D462}.Debug|Any CPU.Build.0 = Debug|Any CPU
		{48243769-033C-4B26-B502-9C72ABE7D462}.Release|Any CPU.ActiveCfg = Release|Any CPU
		{48243769-033C-4B26-B502-9C72ABE7D462}.Release|Any CPU.Build.0 = Release|Any CPU
		{F8C0CCFD-3CF4-4392-ACAF-7E4C6D62F017}.Debug|Any CPU.ActiveCfg = Debug|Any CPU
		{F8C0CCFD-3CF4-4392-ACAF-7E4C6D62F017}.Debug|Any CPU.Build.0 = Debug|Any CPU
		{F8C0CCFD-3CF4-4392-ACAF-7E4C6D62F017}.Release|Any CPU.ActiveCfg = Release|Any CPU
		{F8C0CCFD-3CF4-4392-ACAF-7E4C6D62F017}.Release|Any CPU.Build.0 = Release|Any CPU
		{A59D4DD9-91E2-4F4F-8672-66F9311847A5}.Debug|Any CPU.ActiveCfg = Debug|Any CPU
		{A59D4DD9-91E2-4F4F-8672-66F9311847A5}.Debug|Any CPU.Build.0 = Debug|Any CPU
		{A59D4DD9-91E2-4F4F-8672-66F9311847A5}.Release|Any CPU.ActiveCfg = Release|Any CPU
		{A59D4DD9-91E2-4F4F-8672-66F9311847A5}.Release|Any CPU.Build.0 = Release|Any CPU
		{494D8498-B737-4BF1-91EA-72F954E05F2B}.Debug|Any CPU.ActiveCfg = Debug|Any CPU
		{494D8498-B737-4BF1-91EA-72F954E05F2B}.Debug|Any CPU.Build.0 = Debug|Any CPU
		{494D8498-B737-4BF1-91EA-72F954E05F2B}.Release|Any CPU.ActiveCfg = Release|Any CPU
		{494D8498-B737-4BF1-91EA-72F954E05F2B}.Release|Any CPU.Build.0 = Release|Any CPU
	EndGlobalSection
	GlobalSection(SolutionProperties) = preSolution
		HideSolutionNode = FALSE
	EndGlobalSection
	GlobalSection(ExtensibilityGlobals) = postSolution
		SolutionGuid = {DE667E62-4515-449F-8690-4E2082538E72}
	EndGlobalSection
EndGlobal
